
Microsoft Visual Studio Solution File, Format Version 12.00
# Visual Studio Version 17
VisualStudioVersion = 17.13.35913.81 d17.13
MinimumVisualStudioVersion = 10.0.40219.1
Project("{FAE04EC0-301F-11D3-BF4B-00C04F79EFBC}") = "api", "api.csproj", "{B1AF40A1-3DA1-4B19-88B1-CC3E3D05CBB7}"
EndProject
Global
	GlobalSection(SolutionConfigurationPlatforms) = preSolution
		Debug|Any CPU = Debug|Any CPU
		Release|Any CPU = Release|Any CPU
	EndGlobalSection
	GlobalSection(ProjectConfigurationPlatforms) = postSolution
		{B1AF40A1-3DA1-4B19-88B1-CC3E3D05CBB7}.Debug|Any CPU.ActiveCfg = Debug|Any CPU
		{B1AF40A1-3DA1-4B19-88B1-CC3E3D05CBB7}.Debug|Any CPU.Build.0 = Debug|Any CPU
		{B1AF40A1-3DA1-4B19-88B1-CC3E3D05CBB7}.Release|Any CPU.ActiveCfg = Release|Any CPU
		{B1AF40A1-3DA1-4B19-88B1-CC3E3D05CBB7}.Release|Any CPU.Build.0 = Release|Any CPU
	EndGlobalSection
	GlobalSection(SolutionProperties) = preSolution
		HideSolutionNode = FALSE
	EndGlobalSection
	GlobalSection(ExtensibilityGlobals) = postSolution
		SolutionGuid = {2CC6F398-3691-473A-9F25-4B0A90ED2219}
	EndGlobalSection
EndGlobal
